dependencies:
  idf:
    component_hash: null
    source:
      type: idf
    version: 5.2.1
  protocol_examples_common:
    component_hash: null
    source:
      path: C:\Users\84948\esp\v5.2.1\esp-idf\examples\common_components\protocol_examples_common
      type: local
    version: '*'
manifest_hash: a98375c69ec7b75c6c5d37201e9033b2bb0e8e41f30751c4ab77175f3c65d46a
target: esp32
version: 1.0.0
